
Microsoft Visual Studio Solution File, Format Version 12.00
# Visual Studio for Mac
Project("{FAE04EC0-301F-11D3-BF4B-00C04F79EFBC}") = "Assembly-CSharp", "Assembly-CSharp.csproj", "{5A87E847-1B9D-233C-494D-91DFE6DE2256}"
EndProject
Project("{FAE04EC0-301F-11D3-BF4B-00C04F79EFBC}") = "Assembly-CSharp-Editor", "Assembly-CSharp-Editor.csproj", "{A1A1C870-4AC0-AF59-3521-10D7F400D820}"
EndProject
Global
	GlobalSection(SolutionConfigurationPlatforms) = preSolution
		Debug|Any CPU = Debug|Any CPU
		Release|Any CPU = Release|Any CPU
	EndGlobalSection
	GlobalSection(ProjectConfigurationPlatforms) = postSolution
		{5A87E847-1B9D-233C-494D-91DFE6DE2256}.Debug|Any CPU.ActiveCfg = Debug|Any CPU
		{5A87E847-1B9D-233C-494D-91DFE6DE2256}.Debug|Any CPU.Build.0 = Debug|Any CPU
		{5A87E847-1B9D-233C-494D-91DFE6DE2256}.Release|Any CPU.ActiveCfg = Release|Any CPU
		{5A87E847-1B9D-233C-494D-91DFE6DE2256}.Release|Any CPU.Build.0 = Release|Any CPU
		{A1A1C870-4AC0-AF59-3521-10D7F400D820}.Debug|Any CPU.ActiveCfg = Debug|Any CPU
		{A1A1C870-4AC0-AF59-3521-10D7F400D820}.Debug|Any CPU.Build.0 = Debug|Any CPU
		{A1A1C870-4AC0-AF59-3521-10D7F400D820}.Release|Any CPU.ActiveCfg = Release|Any CPU
		{A1A1C870-4AC0-AF59-3521-10D7F400D820}.Release|Any CPU.Build.0 = Release|Any CPU
	EndGlobalSection
	GlobalSection(SolutionProperties) = preSolution
		HideSolutionNode = FALSE
	EndGlobalSection
EndGlobal
